
Microsoft Visual Studio Solution File, Format Version 12.00
# Visual Studio Version 17
VisualStudioVersion = 17.1.32421.90
MinimumVisualStudioVersion = 10.0.40219.1
Project("{FAE04EC0-301F-11D3-BF4B-00C04F79EFBC}") = "MenaxhimiKafiteriss", "MenaxhimiKafiteriss\MenaxhimiKafiteriss.csproj", "{152177E3-C902-4EB4-BCB8-0AFAEA64E4F4}"
EndProject
Project("{FAE04EC0-301F-11D3-BF4B-00C04F79EFBC}") = "MenaxhimiKafiteris.BO", "MenaxhimiKafiteris.BO\MenaxhimiKafiteris.BO.csproj", "{D34E7A06-0FDE-4DFE-83A3-CAE5E4015671}"
EndProject
Project("{FAE04EC0-301F-11D3-BF4B-00C04F79EFBC}") = "MenaxhimiKafiteris.BLL", "MenaxhimiKafiteris.BLL\MenaxhimiKafiteris.BLL.csproj", "{343D544C-267E-4A88-B33B-D41E539CA89B}"
EndProject
Project("{FAE04EC0-301F-11D3-BF4B-00C04F79EFBC}") = "MenaxhimiKafiteris.DAL", "MenaxhimiKafiteris.DAL\MenaxhimiKafiteris.DAL.csproj", "{AC358F01-E7CC-433A-BC08-24DC3702F39B}"
EndProject
Global
	GlobalSection(SolutionConfigurationPlatforms) = preSolution
		Debug|Any CPU = Debug|Any CPU
		Release|Any CPU = Release|Any CPU
	EndGlobalSection
	GlobalSection(ProjectConfigurationPlatforms) = postSolution
		{152177E3-C902-4EB4-BCB8-0AFAEA64E4F4}.Debug|Any CPU.ActiveCfg = Debug|Any CPU
		{152177E3-C902-4EB4-BCB8-0AFAEA64E4F4}.Debug|Any CPU.Build.0 = Debug|Any CPU
		{152177E3-C902-4EB4-BCB8-0AFAEA64E4F4}.Release|Any CPU.ActiveCfg = Release|Any CPU
		{152177E3-C902-4EB4-BCB8-0AFAEA64E4F4}.Release|Any CPU.Build.0 = Release|Any CPU
		{D34E7A06-0FDE-4DFE-83A3-CAE5E4015671}.Debug|Any CPU.ActiveCfg = Debug|Any CPU
		{D34E7A06-0FDE-4DFE-83A3-CAE5E4015671}.Debug|Any CPU.Build.0 = Debug|Any CPU
		{D34E7A06-0FDE-4DFE-83A3-CAE5E4015671}.Release|Any CPU.ActiveCfg = Release|Any CPU
		{D34E7A06-0FDE-4DFE-83A3-CAE5E4015671}.Release|Any CPU.Build.0 = Release|Any CPU
		{343D544C-267E-4A88-B33B-D41E539CA89B}.Debug|Any CPU.ActiveCfg = Debug|Any CPU
		{343D544C-267E-4A88-B33B-D41E539CA89B}.Debug|Any CPU.Build.0 = Debug|Any CPU
		{343D544C-267E-4A88-B33B-D41E539CA89B}.Release|Any CPU.ActiveCfg = Release|Any CPU
		{343D544C-267E-4A88-B33B-D41E539CA89B}.Release|Any CPU.Build.0 = Release|Any CPU
		{AC358F01-E7CC-433A-BC08-24DC3702F39B}.Debug|Any CPU.ActiveCfg = Debug|Any CPU
		{AC358F01-E7CC-433A-BC08-24DC3702F39B}.Debug|Any CPU.Build.0 = Debug|Any CPU
		{AC358F01-E7CC-433A-BC08-24DC3702F39B}.Release|Any CPU.ActiveCfg = Release|Any CPU
		{AC358F01-E7CC-433A-BC08-24DC3702F39B}.Release|Any CPU.Build.0 = Release|Any CPU
	EndGlobalSection
	GlobalSection(SolutionProperties) = preSolution
		HideSolutionNode = FALSE
	EndGlobalSection
	GlobalSection(ExtensibilityGlobals) = postSolution
		SolutionGuid = {5C143C4A-CBC5-412F-A6F9-D8AA75366923}
	EndGlobalSection
EndGlobal
